
Microsoft Visual Studio Solution File, Format Version 12.00
Project("{2150E333-8FDC-42A3-9474-1A3956D46DE8}") = "src", "src", "{57938637-7791-4148-B89F-DC313AD0FE59}"
EndProject
Project("{FAE04EC0-301F-11D3-BF4B-00C04F79EFBC}") = "OpenApiExampleAnnotations.Attributes", "src\OpenApiExampleAnnotations.Attributes\OpenApiExampleAnnotations.Attributes.csproj", "{51554240-4635-4487-A752-753D0D05A9B4}"
EndProject
Project("{FAE04EC0-301F-11D3-BF4B-00C04F79EFBC}") = "OpenApiExampleAnnotations", "src\OpenApiExampleAnnotations\OpenApiExampleAnnotations.csproj", "{917CACA0-A6F0-41D1-906C-CE562DBB61CA}"
EndProject
Global
	GlobalSection(SolutionConfigurationPlatforms) = preSolution
		Debug|Any CPU = Debug|Any CPU
		Release|Any CPU = Release|Any CPU
	EndGlobalSection
	GlobalSection(NestedProjects) = preSolution
		{51554240-4635-4487-A752-753D0D05A9B4} = {57938637-7791-4148-B89F-DC313AD0FE59}
		{917CACA0-A6F0-41D1-906C-CE562DBB61CA} = {57938637-7791-4148-B89F-DC313AD0FE59}
	EndGlobalSection
	GlobalSection(ProjectConfigurationPlatforms) = postSolution
		{51554240-4635-4487-A752-753D0D05A9B4}.Debug|Any CPU.ActiveCfg = Debug|Any CPU
		{51554240-4635-4487-A752-753D0D05A9B4}.Debug|Any CPU.Build.0 = Debug|Any CPU
		{51554240-4635-4487-A752-753D0D05A9B4}.Release|Any CPU.ActiveCfg = Release|Any CPU
		{51554240-4635-4487-A752-753D0D05A9B4}.Release|Any CPU.Build.0 = Release|Any CPU
		{917CACA0-A6F0-41D1-906C-CE562DBB61CA}.Debug|Any CPU.ActiveCfg = Debug|Any CPU
		{917CACA0-A6F0-41D1-906C-CE562DBB61CA}.Debug|Any CPU.Build.0 = Debug|Any CPU
		{917CACA0-A6F0-41D1-906C-CE562DBB61CA}.Release|Any CPU.ActiveCfg = Release|Any CPU
		{917CACA0-A6F0-41D1-906C-CE562DBB61CA}.Release|Any CPU.Build.0 = Release|Any CPU
	EndGlobalSection
EndGlobal
